
Microsoft Visual Studio Solution File, Format Version 10.00
# Visual Studio 2008
Project("{2150E333-8FDC-42A3-9474-1A3956D46DE8}") = "core", "core", "{F0BDC993-78C0-4872-928F-191F6485E8D6}"
EndProject
Project("{2150E333-8FDC-42A3-9474-1A3956D46DE8}") = "example", "example", "{FE126499-B277-4F68-8742-7C7016BFE09B}"
EndProject
Project("{2150E333-8FDC-42A3-9474-1A3956D46DE8}") = "swig", "swig", "{EDD410E7-5031-48A4-AEF2-955D3707E6DA}"
EndProject
Project("{8BC9CEB8-8B4A-11D0-8D11-00A0C91BC942}") = "consoledemo", "msvc\consoledemo_vc90.vcproj", "{28C355E1-18E1-4B72-ADB7-3F51D8CAE72A}"
EndProject
Project("{2150E333-8FDC-42A3-9474-1A3956D46DE8}") = "0-Readme", "0-Readme", "{C1640388-9661-4326-9459-EC5BBD780BA8}"
	ProjectSection(SolutionItems) = preProject
		..\INSTALL-win.txt = ..\INSTALL-win.txt
		..\README.txt = ..\README.txt
	EndProjectSection
EndProject
Project("{8BC9CEB8-8B4A-11D0-8D11-00A0C91BC942}") = "x3manager", "msvc\x3manager_vc90.vcproj", "{55E440C7-B89C-4A2C-A72F-D8EB2D5F7D31}"
EndProject
Project("{8BC9CEB8-8B4A-11D0-8D11-00A0C91BC942}") = "plsimple", "msvc\plsimple_vc90.vcproj", "{C179568B-2C5E-4E0A-BE03-AA2061C9C598}"
EndProject
Project("{8BC9CEB8-8B4A-11D0-8D11-00A0C91BC942}") = "observerex", "msvc\observerex_vc90.vcproj", "{6CA5CD91-5DD5-4F03-AED1-A9E679AD8616}"
EndProject
Project("{8BC9CEB8-8B4A-11D0-8D11-00A0C91BC942}") = "libpln1", "msvc\libpln1_vc90.vcproj", "{F013C3A0-1FC3-441B-AC2D-19F166247174}"
EndProject
Project("{8BC9CEB8-8B4A-11D0-8D11-00A0C91BC942}") = "libpln2", "msvc\libpln2_vc90.vcproj", "{942F8CF4-51D6-493B-99ED-D84B1E175464}"
EndProject
Project("{8BC9CEB8-8B4A-11D0-8D11-00A0C91BC942}") = "libspln", "msvc\libspln_vc90.vcproj", "{ECFF677B-AC47-4EAF-AB40-0DE2E214A829}"
	ProjectSection(ProjectDependencies) = postProject
		{F013C3A0-1FC3-441B-AC2D-19F166247174} = {F013C3A0-1FC3-441B-AC2D-19F166247174}
		{942F8CF4-51D6-493B-99ED-D84B1E175464} = {942F8CF4-51D6-493B-99ED-D84B1E175464}
	EndProjectSection
EndProject
Project("{8BC9CEB8-8B4A-11D0-8D11-00A0C91BC942}") = "x3manager", "swigvc\x3manager_vc90.vcproj", "{69FE98EF-8F19-4357-856A-3402EC459D77}"
EndProject
Project("{8BC9CEB8-8B4A-11D0-8D11-00A0C91BC942}") = "plsimple", "swigvc\plsimple_vc90.vcproj", "{40C58D5A-A0B2-45EF-A470-337F8BE2C8FA}"
EndProject
Project("{8BC9CEB8-8B4A-11D0-8D11-00A0C91BC942}") = "observerex", "swigvc\observerex_vc90.vcproj", "{61C5DFC6-A04A-4D7D-869A-2ABE861B506C}"
EndProject
Project("{8BC9CEB8-8B4A-11D0-8D11-00A0C91BC942}") = "perl_plsimple", "swigvc\perl_plsimple_vc90.vcproj", "{71C9ABD3-9DE0-492F-B5E4-55AB51E2E916}"
EndProject
Project("{8BC9CEB8-8B4A-11D0-8D11-00A0C91BC942}") = "java_plsimple", "swigvc\java_plsimple_vc90.vcproj", "{64998DFB-1AAE-44E2-AEB4-E2794249AA18}"
EndProject
Project("{8BC9CEB8-8B4A-11D0-8D11-00A0C91BC942}") = "examples", "swigvc\examples_vc90.vcproj", "{35C3A050-07EF-4BBF-8334-79D8DDF0A0F5}"
EndProject
Project("{2150E333-8FDC-42A3-9474-1A3956D46DE8}") = "python", "python", "{7E74A6C5-6A26-445E-B0B0-1E2FCB3D53B1}"
EndProject
Global
	GlobalSection(SolutionConfigurationPlatforms) = preSolution
		Debug|Win32 = Debug|Win32
		Debug|x64 = Debug|x64
		Release|Win32 = Release|Win32
		Release|x64 = Release|x64
	EndGlobalSection
	GlobalSection(ProjectConfigurationPlatforms) = postSolution
		{28C355E1-18E1-4B72-ADB7-3F51D8CAE72A}.Debug|Win32.ActiveCfg = Debug|Win32
		{28C355E1-18E1-4B72-ADB7-3F51D8CAE72A}.Debug|Win32.Build.0 = Debug|Win32
		{28C355E1-18E1-4B72-ADB7-3F51D8CAE72A}.Debug|x64.ActiveCfg = Debug|x64
		{28C355E1-18E1-4B72-ADB7-3F51D8CAE72A}.Debug|x64.Build.0 = Debug|x64
		{28C355E1-18E1-4B72-ADB7-3F51D8CAE72A}.Release|Win32.ActiveCfg = Release|Win32
		{28C355E1-18E1-4B72-ADB7-3F51D8CAE72A}.Release|Win32.Build.0 = Release|Win32
		{28C355E1-18E1-4B72-ADB7-3F51D8CAE72A}.Release|x64.ActiveCfg = Release|x64
		{28C355E1-18E1-4B72-ADB7-3F51D8CAE72A}.Release|x64.Build.0 = Release|x64
		{55E440C7-B89C-4A2C-A72F-D8EB2D5F7D31}.Debug|Win32.ActiveCfg = Debug|Win32
		{55E440C7-B89C-4A2C-A72F-D8EB2D5F7D31}.Debug|Win32.Build.0 = Debug|Win32
		{55E440C7-B89C-4A2C-A72F-D8EB2D5F7D31}.Debug|x64.ActiveCfg = Debug|x64
		{55E440C7-B89C-4A2C-A72F-D8EB2D5F7D31}.Debug|x64.Build.0 = Debug|x64
		{55E440C7-B89C-4A2C-A72F-D8EB2D5F7D31}.Release|Win32.ActiveCfg = Release|Win32
		{55E440C7-B89C-4A2C-A72F-D8EB2D5F7D31}.Release|Win32.Build.0 = Release|Win32
		{55E440C7-B89C-4A2C-A72F-D8EB2D5F7D31}.Release|x64.ActiveCfg = Release|x64
		{55E440C7-B89C-4A2C-A72F-D8EB2D5F7D31}.Release|x64.Build.0 = Release|x64
		{C179568B-2C5E-4E0A-BE03-AA2061C9C598}.Debug|Win32.ActiveCfg = Debug|Win32
		{C179568B-2C5E-4E0A-BE03-AA2061C9C598}.Debug|Win32.Build.0 = Debug|Win32
		{C179568B-2C5E-4E0A-BE03-AA2061C9C598}.Debug|x64.ActiveCfg = Debug|x64
		{C179568B-2C5E-4E0A-BE03-AA2061C9C598}.Debug|x64.Build.0 = Debug|x64
		{C179568B-2C5E-4E0A-BE03-AA2061C9C598}.Release|Win32.ActiveCfg = Release|Win32
		{C179568B-2C5E-4E0A-BE03-AA2061C9C598}.Release|Win32.Build.0 = Release|Win32
		{C179568B-2C5E-4E0A-BE03-AA2061C9C598}.Release|x64.ActiveCfg = Release|x64
		{C179568B-2C5E-4E0A-BE03-AA2061C9C598}.Release|x64.Build.0 = Release|x64
		{6CA5CD91-5DD5-4F03-AED1-A9E679AD8616}.Debug|Win32.ActiveCfg = Debug|Win32
		{6CA5CD91-5DD5-4F03-AED1-A9E679AD8616}.Debug|Win32.Build.0 = Debug|Win32
		{6CA5CD91-5DD5-4F03-AED1-A9E679AD8616}.Debug|x64.ActiveCfg = Debug|x64
		{6CA5CD91-5DD5-4F03-AED1-A9E679AD8616}.Debug|x64.Build.0 = Debug|x64
		{6CA5CD91-5DD5-4F03-AED1-A9E679AD8616}.Release|Win32.ActiveCfg = Release|Win32
		{6CA5CD91-5DD5-4F03-AED1-A9E679AD8616}.Release|Win32.Build.0 = Release|Win32
		{6CA5CD91-5DD5-4F03-AED1-A9E679AD8616}.Release|x64.ActiveCfg = Release|x64
		{6CA5CD91-5DD5-4F03-AED1-A9E679AD8616}.Release|x64.Build.0 = Release|x64
		{F013C3A0-1FC3-441B-AC2D-19F166247174}.Debug|Win32.ActiveCfg = Debug|Win32
		{F013C3A0-1FC3-441B-AC2D-19F166247174}.Debug|Win32.Build.0 = Debug|Win32
		{F013C3A0-1FC3-441B-AC2D-19F166247174}.Debug|x64.ActiveCfg = Debug|x64
		{F013C3A0-1FC3-441B-AC2D-19F166247174}.Debug|x64.Build.0 = Debug|x64
		{F013C3A0-1FC3-441B-AC2D-19F166247174}.Release|Win32.ActiveCfg = Release|Win32
		{F013C3A0-1FC3-441B-AC2D-19F166247174}.Release|Win32.Build.0 = Release|Win32
		{F013C3A0-1FC3-441B-AC2D-19F166247174}.Release|x64.ActiveCfg = Release|x64
		{F013C3A0-1FC3-441B-AC2D-19F166247174}.Release|x64.Build.0 = Release|x64
		{942F8CF4-51D6-493B-99ED-D84B1E175464}.Debug|Win32.ActiveCfg = Debug|Win32
		{942F8CF4-51D6-493B-99ED-D84B1E175464}.Debug|Win32.Build.0 = Debug|Win32
		{942F8CF4-51D6-493B-99ED-D84B1E175464}.Debug|x64.ActiveCfg = Debug|x64
		{942F8CF4-51D6-493B-99ED-D84B1E175464}.Debug|x64.Build.0 = Debug|x64
		{942F8CF4-51D6-493B-99ED-D84B1E175464}.Release|Win32.ActiveCfg = Release|Win32
		{942F8CF4-51D6-493B-99ED-D84B1E175464}.Release|Win32.Build.0 = Release|Win32
		{942F8CF4-51D6-493B-99ED-D84B1E175464}.Release|x64.ActiveCfg = Release|x64
		{942F8CF4-51D6-493B-99ED-D84B1E175464}.Release|x64.Build.0 = Release|x64
		{ECFF677B-AC47-4EAF-AB40-0DE2E214A829}.Debug|Win32.ActiveCfg = Debug|Win32
		{ECFF677B-AC47-4EAF-AB40-0DE2E214A829}.Debug|Win32.Build.0 = Debug|Win32
		{ECFF677B-AC47-4EAF-AB40-0DE2E214A829}.Debug|x64.ActiveCfg = Debug|x64
		{ECFF677B-AC47-4EAF-AB40-0DE2E214A829}.Debug|x64.Build.0 = Debug|x64
		{ECFF677B-AC47-4EAF-AB40-0DE2E214A829}.Release|Win32.ActiveCfg = Release|Win32
		{ECFF677B-AC47-4EAF-AB40-0DE2E214A829}.Release|Win32.Build.0 = Release|Win32
		{ECFF677B-AC47-4EAF-AB40-0DE2E214A829}.Release|x64.ActiveCfg = Release|x64
		{ECFF677B-AC47-4EAF-AB40-0DE2E214A829}.Release|x64.Build.0 = Release|x64
		{69FE98EF-8F19-4357-856A-3402EC459D77}.Debug|Win32.ActiveCfg = Release|x64
		{69FE98EF-8F19-4357-856A-3402EC459D77}.Debug|x64.ActiveCfg = Release|x64
		{69FE98EF-8F19-4357-856A-3402EC459D77}.Debug|x64.Build.0 = Release|x64
		{69FE98EF-8F19-4357-856A-3402EC459D77}.Release|Win32.ActiveCfg = Release|Win32
		{69FE98EF-8F19-4357-856A-3402EC459D77}.Release|Win32.Build.0 = Release|Win32
		{69FE98EF-8F19-4357-856A-3402EC459D77}.Release|x64.ActiveCfg = Release|x64
		{69FE98EF-8F19-4357-856A-3402EC459D77}.Release|x64.Build.0 = Release|x64
		{40C58D5A-A0B2-45EF-A470-337F8BE2C8FA}.Debug|Win32.ActiveCfg = Release|x64
		{40C58D5A-A0B2-45EF-A470-337F8BE2C8FA}.Debug|x64.ActiveCfg = Release|x64
		{40C58D5A-A0B2-45EF-A470-337F8BE2C8FA}.Debug|x64.Build.0 = Release|x64
		{40C58D5A-A0B2-45EF-A470-337F8BE2C8FA}.Release|Win32.ActiveCfg = Release|Win32
		{40C58D5A-A0B2-45EF-A470-337F8BE2C8FA}.Release|Win32.Build.0 = Release|Win32
		{40C58D5A-A0B2-45EF-A470-337F8BE2C8FA}.Release|x64.ActiveCfg = Release|x64
		{40C58D5A-A0B2-45EF-A470-337F8BE2C8FA}.Release|x64.Build.0 = Release|x64
		{61C5DFC6-A04A-4D7D-869A-2ABE861B506C}.Debug|Win32.ActiveCfg = Release|x64
		{61C5DFC6-A04A-4D7D-869A-2ABE861B506C}.Debug|x64.ActiveCfg = Release|x64
		{61C5DFC6-A04A-4D7D-869A-2ABE861B506C}.Debug|x64.Build.0 = Release|x64
		{61C5DFC6-A04A-4D7D-869A-2ABE861B506C}.Release|Win32.ActiveCfg = Release|Win32
		{61C5DFC6-A04A-4D7D-869A-2ABE861B506C}.Release|Win32.Build.0 = Release|Win32
		{61C5DFC6-A04A-4D7D-869A-2ABE861B506C}.Release|x64.ActiveCfg = Release|x64
		{61C5DFC6-A04A-4D7D-869A-2ABE861B506C}.Release|x64.Build.0 = Release|x64
		{71C9ABD3-9DE0-492F-B5E4-55AB51E2E916}.Debug|Win32.ActiveCfg = Release|Win32
		{71C9ABD3-9DE0-492F-B5E4-55AB51E2E916}.Debug|Win32.Build.0 = Release|Win32
		{71C9ABD3-9DE0-492F-B5E4-55AB51E2E916}.Debug|x64.ActiveCfg = Release|Win32
		{71C9ABD3-9DE0-492F-B5E4-55AB51E2E916}.Release|Win32.ActiveCfg = Release|Win32
		{71C9ABD3-9DE0-492F-B5E4-55AB51E2E916}.Release|Win32.Build.0 = Release|Win32
		{71C9ABD3-9DE0-492F-B5E4-55AB51E2E916}.Release|x64.ActiveCfg = Release|Win32
		{64998DFB-1AAE-44E2-AEB4-E2794249AA18}.Debug|Win32.ActiveCfg = Release|x64
		{64998DFB-1AAE-44E2-AEB4-E2794249AA18}.Debug|x64.ActiveCfg = Release|x64
		{64998DFB-1AAE-44E2-AEB4-E2794249AA18}.Debug|x64.Build.0 = Release|x64
		{64998DFB-1AAE-44E2-AEB4-E2794249AA18}.Release|Win32.ActiveCfg = Release|Win32
		{64998DFB-1AAE-44E2-AEB4-E2794249AA18}.Release|Win32.Build.0 = Release|Win32
		{64998DFB-1AAE-44E2-AEB4-E2794249AA18}.Release|x64.ActiveCfg = Release|x64
		{64998DFB-1AAE-44E2-AEB4-E2794249AA18}.Release|x64.Build.0 = Release|x64
		{35C3A050-07EF-4BBF-8334-79D8DDF0A0F5}.Debug|Win32.ActiveCfg = Release|x64
		{35C3A050-07EF-4BBF-8334-79D8DDF0A0F5}.Debug|x64.ActiveCfg = Release|x64
		{35C3A050-07EF-4BBF-8334-79D8DDF0A0F5}.Debug|x64.Build.0 = Release|x64
		{35C3A050-07EF-4BBF-8334-79D8DDF0A0F5}.Release|Win32.ActiveCfg = Release|Win32
		{35C3A050-07EF-4BBF-8334-79D8DDF0A0F5}.Release|Win32.Build.0 = Release|Win32
		{35C3A050-07EF-4BBF-8334-79D8DDF0A0F5}.Release|x64.ActiveCfg = Release|x64
		{35C3A050-07EF-4BBF-8334-79D8DDF0A0F5}.Release|x64.Build.0 = Release|x64
	EndGlobalSection
	GlobalSection(SolutionProperties) = preSolution
		HideSolutionNode = FALSE
	EndGlobalSection
	GlobalSection(NestedProjects) = preSolution
		{55E440C7-B89C-4A2C-A72F-D8EB2D5F7D31} = {F0BDC993-78C0-4872-928F-191F6485E8D6}
		{28C355E1-18E1-4B72-ADB7-3F51D8CAE72A} = {FE126499-B277-4F68-8742-7C7016BFE09B}
		{C179568B-2C5E-4E0A-BE03-AA2061C9C598} = {FE126499-B277-4F68-8742-7C7016BFE09B}
		{6CA5CD91-5DD5-4F03-AED1-A9E679AD8616} = {FE126499-B277-4F68-8742-7C7016BFE09B}
		{F013C3A0-1FC3-441B-AC2D-19F166247174} = {FE126499-B277-4F68-8742-7C7016BFE09B}
		{942F8CF4-51D6-493B-99ED-D84B1E175464} = {FE126499-B277-4F68-8742-7C7016BFE09B}
		{ECFF677B-AC47-4EAF-AB40-0DE2E214A829} = {FE126499-B277-4F68-8742-7C7016BFE09B}
		{7E74A6C5-6A26-445E-B0B0-1E2FCB3D53B1} = {EDD410E7-5031-48A4-AEF2-955D3707E6DA}
		{71C9ABD3-9DE0-492F-B5E4-55AB51E2E916} = {EDD410E7-5031-48A4-AEF2-955D3707E6DA}
		{64998DFB-1AAE-44E2-AEB4-E2794249AA18} = {EDD410E7-5031-48A4-AEF2-955D3707E6DA}
		{40C58D5A-A0B2-45EF-A470-337F8BE2C8FA} = {7E74A6C5-6A26-445E-B0B0-1E2FCB3D53B1}
		{61C5DFC6-A04A-4D7D-869A-2ABE861B506C} = {7E74A6C5-6A26-445E-B0B0-1E2FCB3D53B1}
		{35C3A050-07EF-4BBF-8334-79D8DDF0A0F5} = {7E74A6C5-6A26-445E-B0B0-1E2FCB3D53B1}
		{69FE98EF-8F19-4357-856A-3402EC459D77} = {7E74A6C5-6A26-445E-B0B0-1E2FCB3D53B1}
	EndGlobalSection
EndGlobal
